// !$*UTF8*$!
{
	archiveVersion = 1;
	classes = {
	};
	objectVersion = 48;
	objects = {

/* Begin PBXBuildFile section */
		FD2EFFB321D676CE00834B21 /* AppDelegate.swift in Sources */ = {isa = PBXBuildFile; fileRef = FD2EFFB221D676CE00834B21 /* AppDelegate.swift */; };
		FD2EFFB521D676CE00834B21 /* ViewController.swift in Sources */ = {isa = PBXBuildFile; fileRef = FD2EFFB421D676CE00834B21 /* ViewController.swift */; };
		FD2EFFB821D676CE00834B21 /* Main.storyboard in Resources */ = {isa = PBXBuildFile; fileRef = FD2EFFB621D676CE00834B21 /* Main.storyboard */; };
		FD2EFFBA21D676CE00834B21 /* Assets.xcassets in Resources */ = {isa = PBXBuildFile; fileRef = FD2EFFB921D676CE00834B21 /* Assets.xcassets */; };
		FD2EFFBD21D676CE00834B21 /* LaunchScreen.storyboard in Resources */ = {isa = PBXBuildFile; fileRef = FD2EFFBB21D676CE00834B21 /* LaunchScreen.storyboard */; };
		FD2EFFC821D676CE00834B21 /* QuizTests.swift in Sources */ = {isa = PBXBuildFile; fileRef = FD2EFFC721D676CE00834B21 /* QuizTests.swift */; };
		FD2EFFD321D676CE00834B21 /* QuizUITests.swift in Sources */ = {isa = PBXBuildFile; fileRef = FD2EFFD221D676CE00834B21 /* QuizUITests.swift */; };
/* End PBXBuildFile section */

/* Begin PBXContainerItemProxy section */
		FD2EFFC421D676CE00834B21 /* PBXContainerItemProxy */ = {
			isa = PBXContainerItemProxy;
			containerPortal = FD2EFFA721D676CE00834B21 /* Project object */;
			proxyType = 1;
			remoteGlobalIDString = FD2EFFAE21D676CE00834B21;
			remoteInfo = Quiz;
		};
		FD2EFFCF21D676CE00834B21 /* PBXContainerItemProxy */ = {
			isa = PBXContainerItemProxy;
			containerPortal = FD2EFFA721D676CE00834B21 /* Project object */;
			proxyType = 1;
			remoteGlobalIDString = FD2EFFAE21D676CE00834B21;
			remoteInfo = Quiz;
		};
/* End PBXContainerItemProxy section */

/* Begin PBXFileReference section */
		FD2EFFAF21D676CE00834B21 /* Quiz.app */ = {isa = PBXFileReference; explicitFileType = wrapper.application; includeInIndex = 0; path = Quiz.app; sourceTree = BUILT_PRODUCTS_DIR; };
		FD2EFFB221D676CE00834B21 /* AppDelegate.swift */ = {isa = PBXFileReference; lastKnownFileType = sourcecode.swift; path = AppDelegate.swift; sourceTree = "<group>"; };
		FD2EFFB421D676CE00834B21 /* ViewController.swift */ = {isa = PBXFileReference; lastKnownFileType = sourcecode.swift; path = ViewController.swift; sourceTree = "<group>"; };
		FD2EFFB721D676CE00834B21 /* Base */ = {isa = PBXFileReference; lastKnownFileType = file.storyboard; name = Base; path = Base.lproj/Main.storyboard; sourceTree = "<group>"; };
		FD2EFFB921D676CE00834B21 /* Assets.xcassets */ = {isa = PBXFileReference; lastKnownFileType = folder.assetcatalog; path = Assets.xcassets; sourceTree = "<group>"; };
		FD2EFFBC21D676CE00834B21 /* Base */ = {isa = PBXFileReference; lastKnownFileType = file.storyboard; name = Base; path = Base.lproj/LaunchScreen.storyboard; sourceTree = "<group>"; };
		FD2EFFBE21D676CE00834B21 /* Info.plist */ = {isa = PBXFileReference; lastKnownFileType = text.plist.xml; path = Info.plist; sourceTree = "<group>"; };
		FD2EFFC321D676CE00834B21 /* QuizTests.xctest */ = {isa = PBXFileReference; explicitFileType = wrapper.cfbundle; includeInIndex = 0; path = QuizTests.xctest; sourceTree = BUILT_PRODUCTS_DIR; };
		FD2EFFC721D676CE00834B21 /* QuizTests.swift */ = {isa = PBXFileReference; lastKnownFileType = sourcecode.swift; path = QuizTests.swift; sourceTree = "<group>"; };
		FD2EFFC921D676CE00834B21 /* Info.plist */ = {isa = PBXFileReference; lastKnownFileType = text.plist.xml; path = Info.plist; sourceTree = "<group>"; };
		FD2EFFCE21D676CE00834B21 /* QuizUITests.xctest */ = {isa = PBXFileReference; explicitFileType = wrapper.cfbundle; includeInIndex = 0; path = QuizUITests.xctest; sourceTree = BUILT_PRODUCTS_DIR; };
		FD2EFFD221D676CE00834B21 /* QuizUITests.swift */ = {isa = PBXFileReference; lastKnownFileType = sourcecode.swift; path = QuizUITests.swift; sourceTree = "<group>"; };
		FD2EFFD421D676CE00834B21 /* Info.plist */ = {isa = PBXFileReference; lastKnownFileType = text.plist.xml; path = Info.plist; sourceTree = "<group>"; };
/* End PBXFileReference section */

/* Begin PBXFrameworksBuildPhase section */
		FD2EFFAC21D676CE00834B21 /* Frameworks */ = {
			isa = PBXFrameworksBuildPhase;
			buildActionMask = 2147483647;
			files = (
			);
			runOnlyForDeploymentPostprocessing = 0;
		};
		FD2EFFC021D676CE00834B21 /* Frameworks */ = {
			isa = PBXFrameworksBuildPhase;
			buildActionMask = 2147483647;
			files = (
			);
			runOnlyForDeploymentPostprocessing = 0;
		};
		FD2EFFCB21D676CE00834B21 /* Frameworks */ = {
			isa = PBXFrameworksBuildPhase;
			buildActionMask = 2147483647;
			files = (
			);
			runOnlyForDeploymentPostprocessing = 0;
		};
/* End PBXFrameworksBuildPhase section */

/* Begin PBXGroup section */
		FD2EFFA621D676CE00834B21 = {
			isa = PBXGroup;
			children = (
				FD2EFFB121D676CE00834B21 /* Quiz */,
				FD2EFFC621D676CE00834B21 /* QuizTests */,
				FD2EFFD121D676CE00834B21 /* QuizUITests */,
				FD2EFFB021D676CE00834B21 /* Products */,
			);
			sourceTree = "<group>";
		};
		FD2EFFB021D676CE00834B21 /* Products */ = {
			isa = PBXGroup;
			children = (
				FD2EFFAF21D676CE00834B21 /* Quiz.app */,
				FD2EFFC321D676CE00834B21 /* QuizTests.xctest */,
				FD2EFFCE21D676CE00834B21 /* QuizUITests.xctest */,
			);
			name = Products;
			sourceTree = "<group>";
		};
		FD2EFFB121D676CE00834B21 /* Quiz */ = {
			isa = PBXGroup;
			children = (
				FD2EFFB221D676CE00834B21 /* AppDelegate.swift */,
				FD2EFFB421D676CE00834B21 /* ViewController.swift */,
				FD2EFFB621D676CE00834B21 /* Main.storyboard */,
				FD2EFFB921D676CE00834B21 /* Assets.xcassets */,
				FD2EFFBB21D676CE00834B21 /* LaunchScreen.storyboard */,
				FD2EFFBE21D676CE00834B21 /* Info.plist */,
			);
			path = Quiz;
			sourceTree = "<group>";
		};
		FD2EFFC621D676CE00834B21 /* QuizTests */ = {
			isa = PBXGroup;
			children = (
				FD2EFFC721D676CE00834B21 /* QuizTests.swift */,
				FD2EFFC921D676CE00834B21 /* Info.plist */,
			);
			path = QuizTests;
			sourceTree = "<group>";
		};
		FD2EFFD121D676CE00834B21 /* QuizUITests */ = {
			isa = PBXGroup;
			children = (
				FD2EFFD221D676CE00834B21 /* QuizUITests.swift */,
				FD2EFFD421D676CE00834B21 /* Info.plist */,
			);
			path = QuizUITests;
			sourceTree = "<group>";
		};
/* End PBXGroup section */

/* Begin PBXNativeTarget section */
		FD2EFFAE21D676CE00834B21 /* Quiz */ = {
			isa = PBXNativeTarget;
			buildConfigurationList = FD2EFFD721D676CE00834B21 /* Build configuration list for PBXNativeTarget "Quiz" */;
			buildPhases = (
				FD2EFFAB21D676CE00834B21 /* Sources */,
				FD2EFFAC21D676CE00834B21 /* Frameworks */,
				FD2EFFAD21D676CE00834B21 /* Resources */,
			);
			buildRules = (
			);
			dependencies = (
			);
			name = Quiz;
			productName = Quiz;
			productReference = FD2EFFAF21D676CE00834B21 /* Quiz.app */;
			productType = "com.apple.product-type.application";
		};
		FD2EFFC221D676CE00834B21 /* QuizTests */ = {
			isa = PBXNativeTarget;
			buildConfigurationList = FD2EFFDA21D676CE00834B21 /* Build configuration list for PBXNativeTarget "QuizTests" */;
			buildPhases = (
				FD2EFFBF21D676CE00834B21 /* Sources */,
				FD2EFFC021D676CE00834B21 /* Frameworks */,
				FD2EFFC121D676CE00834B21 /* Resources */,
			);
			buildRules = (
			);
			dependencies = (
				FD2EFFC521D676CE00834B21 /* PBXTargetDependency */,
			);
			name = QuizTests;
			productName = QuizTests;
			productReference = FD2EFFC321D676CE00834B21 /* QuizTests.xctest */;
			productType = "com.apple.product-type.bundle.unit-test";
		};
		FD2EFFCD21D676CE00834B21 /* QuizUITests */ = {
			isa = PBXNativeTarget;
			buildConfigurationList = FD2EFFDD21D676CE00834B21 /* Build configuration list for PBXNativeTarget "QuizUITests" */;
			buildPhases = (
				FD2EFFCA21D676CE00834B21 /* Sources */,
				FD2EFFCB21D676CE00834B21 /* Frameworks */,
				FD2EFFCC21D676CE00834B21 /* Resources */,
			);
			buildRules = (
			);
			dependencies = (
				FD2EFFD021D676CE00834B21 /* PBXTargetDependency */,
			);
			name = QuizUITests;
			productName = QuizUITests;
			productReference = FD2EFFCE21D676CE00834B21 /* QuizUITests.xctest */;
			productType = "com.apple.product-type.bundle.ui-testing";
		};
/* End PBXNativeTarget section */

/* Begin PBXProject section */
		FD2EFFA721D676CE00834B21 /* Project object */ = {
			isa = PBXProject;
			attributes = {
				LastSwiftUpdateCheck = 0920;
				LastUpgradeCheck = 0920;
				ORGANIZATIONNAME = "Sam Reaves";
				TargetAttributes = {
					FD2EFFAE21D676CE00834B21 = {
						CreatedOnToolsVersion = 9.2;
						ProvisioningStyle = Automatic;
					};
					FD2EFFC221D676CE00834B21 = {
						CreatedOnToolsVersion = 9.2;
						ProvisioningStyle = Automatic;
						TestTargetID = FD2EFFAE21D676CE00834B21;
					};
					FD2EFFCD21D676CE00834B21 = {
						CreatedOnToolsVersion = 9.2;
						ProvisioningStyle = Automatic;
						TestTargetID = FD2EFFAE21D676CE00834B21;
					};
				};
			};
			buildConfigurationList = FD2EFFAA21D676CE00834B21 /* Build configuration list for PBXProject "Quiz" */;
			compatibilityVersion = "Xcode 8.0";
			developmentRegion = en;
			hasScannedForEncodings = 0;
			knownRegions = (
				en,
				Base,
			);
			mainGroup = FD2EFFA621D676CE00834B21;
			productRefGroup = FD2EFFB021D676CE00834B21 /* Products */;
			projectDirPath = "";
			projectRoot = "";
			targets = (
				FD2EFFAE21D676CE00834B21 /* Quiz */,
				FD2EFFC221D676CE00834B21 /* QuizTests */,
				FD2EFFCD21D676CE00834B21 /* QuizUITests */,
			);
		};
/* End PBXProject section */

/* Begin PBXResourcesBuildPhase section */
		FD2EFFAD21D676CE00834B21 /* Resources */ = {
			isa = PBXResourcesBuildPhase;
			buildActionMask = 2147483647;
			files = (
				FD2EFFBD21D676CE00834B21 /* LaunchScreen.storyboard in Resources */,
				FD2EFFBA21D676CE00834B21 /* Assets.xcassets in Resources */,
				FD2EFFB821D676CE00834B21 /* Main.storyboard in Resources */,
			);
			runOnlyForDeploymentPostprocessing = 0;
		};
		FD2EFFC121D676CE00834B21 /* Resources */ = {
			isa = PBXResourcesBuildPhase;
			buildActionMask = 2147483647;
			files = (
			);
			runOnlyForDeploymentPostprocessing = 0;
		};
		FD2EFFCC21D676CE00834B21 /* Resources */ = {
			isa = PBXResourcesBuildPhase;
			buildActionMask = 2147483647;
			files = (
			);
			runOnlyForDeploymentPostprocessing = 0;
		};
/* End PBXResourcesBuildPhase section */

/* Begin PBXSourcesBuildPhase section */
		FD2EFFAB21D676CE00834B21 /* Sources */ = {
			isa = PBXSourcesBuildPhase;
			buildActionMask = 2147483647;
			files = (
				FD2EFFB521D676CE00834B21 /* ViewController.swift in Sources */,
				FD2EFFB321D676CE00834B21 /* AppDelegate.swift in Sources */,
			);
			runOnlyForDeploymentPostprocessing = 0;
		};
		FD2EFFBF21D676CE00834B21 /* Sources */ = {
			isa = PBXSourcesBuildPhase;
			buildActionMask = 2147483647;
			files = (
				FD2EFFC821D676CE00834B21 /* QuizTests.swift in Sources */,
			);
			runOnlyForDeploymentPostprocessing = 0;
		};
		FD2EFFCA21D676CE00834B21 /* Sources */ = {
			isa = PBXSourcesBuildPhase;
			buildActionMask = 2147483647;
			files = (
				FD2EFFD321D676CE00834B21 /* QuizUITests.swift in Sources */,
			);
			runOnlyForDeploymentPostprocessing = 0;
		};
/* End PBXSourcesBuildPhase section */

/* Begin PBXTargetDependency section */
		FD2EFFC521D676CE00834B21 /* PBXTargetDependency */ = {
			isa = PBXTargetDependency;
			target = FD2EFFAE21D676CE00834B21 /* Quiz */;
			targetProxy = FD2EFFC421D676CE00834B21 /* PBXContainerItemProxy */;
		};
		FD2EFFD021D676CE00834B21 /* PBXTargetDependency */ = {
			isa = PBXTargetDependency;
			target = FD2EFFAE21D676CE00834B21 /* Quiz */;
			targetProxy = FD2EFFCF21D676CE00834B21 /* PBXContainerItemProxy */;
		};
/* End PBXTargetDependency section */

/* Begin PBXVariantGroup section */
		FD2EFFB621D676CE00834B21 /* Main.storyboard */ = {
			isa = PBXVariantGroup;
			children = (
				FD2EFFB721D676CE00834B21 /* Base */,
			);
			name = Main.storyboard;
			sourceTree = "<group>";
		};
		FD2EFFBB21D676CE00834B21 /* LaunchScreen.storyboard */ = {
			isa = PBXVariantGroup;
			children = (
				FD2EFFBC21D676CE00834B21 /* Base */,
			);
			name = LaunchScreen.storyboard;
			sourceTree = "<group>";
		};
/* End PBXVariantGroup section */

/* Begin XCBuildConfiguration section */
		FD2EFFD521D676CE00834B21 /* Debug */ = {
			isa = XCBuildConfiguration;
			buildSettings = {
				ALWAYS_SEARCH_USER_PATHS = NO;
				CLANG_ANALYZER_NONNULL = YES;
				CLANG_ANALYZER_NUMBER_OBJECT_CONVERSION = YES_AGGRESSIVE;
				CLANG_CXX_LANGUAGE_STANDARD = "gnu++14";
				CLANG_CXX_LIBRARY = "libc++";
				CLANG_ENABLE_MODULES = YES;
				CLANG_ENABLE_OBJC_ARC = YES;
				CLANG_WARN_BLOCK_CAPTURE_AUTORELEASING = YES;
				CLANG_WARN_BOOL_CONVERSION = YES;
				CLANG_WARN_COMMA = YES;
				CLANG_WARN_CONSTANT_CONVERSION = YES;
				CLANG_WARN_DIRECT_OBJC_ISA_USAGE = YES_ERROR;
				CLANG_WARN_DOCUMENTATION_COMMENTS = YES;
				CLANG_WARN_EMPTY_BODY = YES;
				CLANG_WARN_ENUM_CONVERSION = YES;
				CLANG_WARN_INFINITE_RECURSION = YES;
				CLANG_WARN_INT_CONVERSION = YES;
				CLANG_WARN_NON_LITERAL_NULL_CONVERSION = YES;
				CLANG_WARN_OBJC_LITERAL_CONVERSION = YES;
				CLANG_WARN_OBJC_ROOT_CLASS = YES_ERROR;
				CLANG_WARN_RANGE_LOOP_ANALYSIS = YES;
				CLANG_WARN_STRICT_PROTOTYPES = YES;
				CLANG_WARN_SUSPICIOUS_MOVE = YES;
				CLANG_WARN_UNGUARDED_AVAILABILITY = YES_AGGRESSIVE;
				CLANG_WARN_UNREACHABLE_CODE = YES;
				CLANG_WARN__DUPLICATE_METHOD_MATCH = YES;
				CODE_SIGN_IDENTITY = "iPhone Developer";
				COPY_PHASE_STRIP = NO;
				DEBUG_INFORMATION_FORMAT = dwarf;
				ENABLE_STRICT_OBJC_MSGSEND = YES;
				ENABLE_TESTABILITY = YES;
				GCC_C_LANGUAGE_STANDARD = gnu11;
				GCC_DYNAMIC_NO_PIC = NO;
				GCC_NO_COMMON_BLOCKS = YES;
				GCC_OPTIMIZATION_LEVEL = 0;
				GCC_PREPROCESSOR_DEFINITIONS = (
					"DEBUG=1",
					"$(inherited)",
				);
				GCC_WARN_64_TO_32_BIT_CONVERSION = YES;
				GCC_WARN_ABOUT_RETURN_TYPE = YES_ERROR;
				GCC_WARN_UNDECLARED_SELECTOR = YES;
				GCC_WARN_UNINITIALIZED_AUTOS = YES_AGGRESSIVE;
				GCC_WARN_UNUSED_FUNCTION = YES;
				GCC_WARN_UNUSED_VARIABLE = YES;
				IPHONEOS_DEPLOYMENT_TARGET = 11.2;
				MTL_ENABLE_DEBUG_INFO = YES;
				ONLY_ACTIVE_ARCH = YES;
				SDKROOT = iphoneos;
				SWIFT_ACTIVE_COMPILATION_CONDITIONS = DEBUG;
				SWIFT_OPTIMIZATION_LEVEL = "-Onone";
			};
			name = Debug;
		};
		FD2EFFD621D676CE00834B21 /* Release */ = {
			isa = XCBuildConfiguration;
			buildSettings = {
				ALWAYS_SEARCH_USER_PATHS = NO;
				CLANG_ANALYZER_NONNULL = YES;
				CLANG_ANALYZER_NUMBER_OBJECT_CONVERSION = YES_AGGRESSIVE;
				CLANG_CXX_LANGUAGE_STANDARD = "gnu++14";
				CLANG_CXX_LIBRARY = "libc++";
				CLANG_ENABLE_MODULES = YES;
				CLANG_ENABLE_OBJC_ARC = YES;
				CLANG_WARN_BLOCK_CAPTURE_AUTORELEASING = YES;
				CLANG_WARN_BOOL_CONVERSION = YES;
				CLANG_WARN_COMMA = YES;
				CLANG_WARN_CONSTANT_CONVERSION = YES;
				CLANG_WARN_DIRECT_OBJC_ISA_USAGE = YES_ERROR;
				CLANG_WARN_DOCUMENTATION_COMMENTS = YES;
				CLANG_WARN_EMPTY_BODY = YES;
				CLANG_WARN_ENUM_CONVERSION = YES;
				CLANG_WARN_INFINITE_RECURSION = YES;
				CLANG_WARN_INT_CONVERSION = YES;
				CLANG_WARN_NON_LITERAL_NULL_CONVERSION = YES;
				CLANG_WARN_OBJC_LITERAL_CONVERSION = YES;
				CLANG_WARN_OBJC_ROOT_CLASS = YES_ERROR;
				CLANG_WARN_RANGE_LOOP_ANALYSIS = YES;
				CLANG_WARN_STRICT_PROTOTYPES = YES;
				CLANG_WARN_SUSPICIOUS_MOVE = YES;
				CLANG_WARN_UNGUARDED_AVAILABILITY = YES_AGGRESSIVE;
				CLANG_WARN_UNREACHABLE_CODE = YES;
				CLANG_WARN__DUPLICATE_METHOD_MATCH = YES;
				CODE_SIGN_IDENTITY = "iPhone Developer";
				COPY_PHASE_STRIP = NO;
				DEBUG_INFORMATION_FORMAT = "dwarf-with-dsym";
				ENABLE_NS_ASSERTIONS = NO;
				ENABLE_STRICT_OBJC_MSGSEND = YES;
				GCC_C_LANGUAGE_STANDARD = gnu11;
				GCC_NO_COMMON_BLOCKS = YES;
				GCC_WARN_64_TO_32_BIT_CONVERSION = YES;
				GCC_WARN_ABOUT_RETURN_TYPE = YES_ERROR;
				GCC_WARN_UNDECLARED_SELECTOR = YES;
				GCC_WARN_UNINITIALIZED_AUTOS = YES_AGGRESSIVE;
				GCC_WARN_UNUSED_FUNCTION = YES;
				GCC_WARN_UNUSED_VARIABLE = YES;
				IPHONEOS_DEPLOYMENT_TARGET = 11.2;
				MTL_ENABLE_DEBUG_INFO = NO;
				SDKROOT = iphoneos;
				SWIFT_OPTIMIZATION_LEVEL = "-Owholemodule";
				VALIDATE_PRODUCT = YES;
			};
			name = Release;
		};
		FD2EFFD821D676CE00834B21 /* Debug */ = {
			isa = XCBuildConfiguration;
			buildSettings = {
				ASSETCATALOG_COMPILER_APPICON_NAME = AppIcon;
				CODE_SIGN_STYLE = Automatic;
				INFOPLIST_FILE = Quiz/Info.plist;
				LD_RUNPATH_SEARCH_PATHS = "$(inherited) @executable_path/Frameworks";
				PRODUCT_BUNDLE_IDENTIFIER = SamReavesDigital.Quiz;
				PRODUCT_NAME = "$(TARGET_NAME)";
				SWIFT_VERSION = 4.0;
				TARGETED_DEVICE_FAMILY = "1,2";
			};
			name = Debug;
		};
		FD2EFFD921D676CE00834B21 /* Release */ = {
			isa = XCBuildConfiguration;
			buildSettings = {
				ASSETCATALOG_COMPILER_APPICON_NAME = AppIcon;
				CODE_SIGN_STYLE = Automatic;
				INFOPLIST_FILE = Quiz/Info.plist;
				LD_RUNPATH_SEARCH_PATHS = "$(inherited) @executable_path/Frameworks";
				PRODUCT_BUNDLE_IDENTIFIER = SamReavesDigital.Quiz;
				PRODUCT_NAME = "$(TARGET_NAME)";
				SWIFT_VERSION = 4.0;
				TARGETED_DEVICE_FAMILY = "1,2";
			};
			name = Release;
		};
		FD2EFFDB21D676CE00834B21 /* Debug */ = {
			isa = XCBuildConfiguration;
			buildSettings = {
				ALWAYS_EMBED_SWIFT_STANDARD_LIBRARIES = YES;
				BUNDLE_LOADER = "$(TEST_HOST)";
				CODE_SIGN_STYLE = Automatic;
				INFOPLIST_FILE = QuizTests/Info.plist;
				LD_RUNPATH_SEARCH_PATHS = "$(inherited) @executable_path/Frameworks @loader_path/Frameworks";
				PRODUCT_BUNDLE_IDENTIFIER = SamReavesDigital.QuizTests;
				PRODUCT_NAME = "$(TARGET_NAME)";
				SWIFT_VERSION = 4.0;
				TARGETED_DEVICE_FAMILY = "1,2";
				TEST_HOST = "$(BUILT_PRODUCTS_DIR)/Quiz.app/Quiz";
			};
			name = Debug;
		};
		FD2EFFDC21D676CE00834B21 /* Release */ = {
			isa = XCBuildConfiguration;
			buildSettings = {
				ALWAYS_EMBED_SWIFT_STANDARD_LIBRARIES = YES;
				BUNDLE_LOADER = "$(TEST_HOST)";
				CODE_SIGN_STYLE = Automatic;
				INFOPLIST_FILE = QuizTests/Info.plist;
				LD_RUNPATH_SEARCH_PATHS = "$(inherited) @executable_path/Frameworks @loader_path/Frameworks";
				PRODUCT_BUNDLE_IDENTIFIER = SamReavesDigital.QuizTests;
				PRODUCT_NAME = "$(TARGET_NAME)";
				SWIFT_VERSION = 4.0;
				TARGETED_DEVICE_FAMILY = "1,2";
				TEST_HOST = "$(BUILT_PRODUCTS_DIR)/Quiz.app/Quiz";
			};
			name = Release;
		};
		FD2EFFDE21D676CE00834B21 /* Debug */ = {
			isa = XCBuildConfiguration;
			buildSettings = {
				ALWAYS_EMBED_SWIFT_STANDARD_LIBRARIES = YES;
				CODE_SIGN_STYLE = Automatic;
				INFOPLIST_FILE = QuizUITests/Info.plist;
				LD_RUNPATH_SEARCH_PATHS = "$(inherited) @executable_path/Frameworks @loader_path/Frameworks";
				PRODUCT_BUNDLE_IDENTIFIER = SamReavesDigital.QuizUITests;
				PRODUCT_NAME = "$(TARGET_NAME)";
				SWIFT_VERSION = 4.0;
				TARGETED_DEVICE_FAMILY = "1,2";
				TEST_TARGET_NAME = Quiz;
			};
			name = Debug;
		};
		FD2EFFDF21D676CE00834B21 /* Release */ = {
			isa = XCBuildConfiguration;
			buildSettings = {
				ALWAYS_EMBED_SWIFT_STANDARD_LIBRARIES = YES;
				CODE_SIGN_STYLE = Automatic;
				INFOPLIST_FILE = QuizUITests/Info.plist;
				LD_RUNPATH_SEARCH_PATHS = "$(inherited) @executable_path/Frameworks @loader_path/Frameworks";
				PRODUCT_BUNDLE_IDENTIFIER = SamReavesDigital.QuizUITests;
				PRODUCT_NAME = "$(TARGET_NAME)";
				SWIFT_VERSION = 4.0;
				TARGETED_DEVICE_FAMILY = "1,2";
				TEST_TARGET_NAME = Quiz;
			};
			name = Release;
		};
/* End XCBuildConfiguration section */

/* Begin XCConfigurationList section */
		FD2EFFAA21D676CE00834B21 /* Build configuration list for PBXProject "Quiz" */ = {
			isa = XCConfigurationList;
			buildConfigurations = (
				FD2EFFD521D676CE00834B21 /* Debug */,
				FD2EFFD621D676CE00834B21 /* Release */,
			);
			defaultConfigurationIsVisible = 0;
			defaultConfigurationName = Release;
		};
		FD2EFFD721D676CE00834B21 /* Build configuration list for PBXNativeTarget "Quiz" */ = {
			isa = XCConfigurationList;
			buildConfigurations = (
				FD2EFFD821D676CE00834B21 /* Debug */,
				FD2EFFD921D676CE00834B21 /* Release */,
			);
			defaultConfigurationIsVisible = 0;
			defaultConfigurationName = Release;
		};
		FD2EFFDA21D676CE00834B21 /* Build configuration list for PBXNativeTarget "QuizTests" */ = {
			isa = XCConfigurationList;
			buildConfigurations = (
				FD2EFFDB21D676CE00834B21 /* Debug */,
				FD2EFFDC21D676CE00834B21 /* Release */,
			);
			defaultConfigurationIsVisible = 0;
			defaultConfigurationName = Release;
		};
		FD2EFFDD21D676CE00834B21 /* Build configuration list for PBXNativeTarget "QuizUITests" */ = {
			isa = XCConfigurationList;
			buildConfigurations = (
				FD2EFFDE21D676CE00834B21 /* Debug */,
				FD2EFFDF21D676CE00834B21 /* Release */,
			);
			defaultConfigurationIsVisible = 0;
			defaultConfigurationName = Release;
		};
/* End XCConfigurationList section */
	};
	rootObject = FD2EFFA721D676CE00834B21 /* Project object */;
}
